
Microsoft Visual Studio Solution File, Format Version 12.00
# Visual Studio Version 16
VisualStudioVersion = 16.0.31410.357
MinimumVisualStudioVersion = 10.0.40219.1
Project("{FAE04EC0-301F-11D3-BF4B-00C04F79EFBC}") = "SmoothVRPointer", "SmoothVRPointer\SmoothVRPointer.csproj", "{63A72E3D-7470-40C9-86D5-6DE4E7235F98}"
EndProject
Global
	GlobalSection(SolutionConfigurationPlatforms) = preSolution
		Debug|Any CPU = Debug|Any CPU
		Release|Any CPU = Release|Any CPU
	EndGlobalSection
	GlobalSection(ProjectConfigurationPlatforms) = postSolution
		{63A72E3D-7470-40C9-86D5-6DE4E7235F98}.Debug|Any CPU.ActiveCfg = Debug|Any CPU
		{63A72E3D-7470-40C9-86D5-6DE4E7235F98}.Debug|Any CPU.Build.0 = Debug|Any CPU
		{63A72E3D-7470-40C9-86D5-6DE4E7235F98}.Release|Any CPU.ActiveCfg = Release|Any CPU
		{63A72E3D-7470-40C9-86D5-6DE4E7235F98}.Release|Any CPU.Build.0 = Release|Any CPU
	EndGlobalSection
	GlobalSection(SolutionProperties) = preSolution
		HideSolutionNode = FALSE
	EndGlobalSection
	GlobalSection(ExtensibilityGlobals) = postSolution
		SolutionGuid = {2F60FF10-6150-4871-BFF4-B9B7A276C7ED}
	EndGlobalSection
EndGlobal
